
Microsoft Visual Studio Solution File, Format Version 12.00
# Visual Studio Version 17
VisualStudioVersion = 17.7.34221.43
MinimumVisualStudioVersion = 10.0.40219.1
Project("{FAE04EC0-301F-11D3-BF4B-00C04F79EFBC}") = "WindowsFormsApp1", "WindowsFormsApp1\WindowsFormsApp1.csproj", "{DD23ADB6-9297-442D-8907-08593CF40BBC}"
EndProject
Global
	GlobalSection(SolutionConfigurationPlatforms) = preSolution
		Debug|Any CPU = Debug|Any CPU
		Release|Any CPU = Release|Any CPU
	EndGlobalSection
	GlobalSection(ProjectConfigurationPlatforms) = postSolution
		{DD23ADB6-9297-442D-8907-08593CF40BBC}.Debug|Any CPU.ActiveCfg = Debug|Any CPU
		{DD23ADB6-9297-442D-8907-08593CF40BBC}.Debug|Any CPU.Build.0 = Debug|Any CPU
		{DD23ADB6-9297-442D-8907-08593CF40BBC}.Release|Any CPU.ActiveCfg = Release|Any CPU
		{DD23ADB6-9297-442D-8907-08593CF40BBC}.Release|Any CPU.Build.0 = Release|Any CPU
	EndGlobalSection
	GlobalSection(SolutionProperties) = preSolution
		HideSolutionNode = FALSE
	EndGlobalSection
	GlobalSection(ExtensibilityGlobals) = postSolution
		SolutionGuid = {950B183D-736C-403E-9E54-F265E793F765}
	EndGlobalSection
EndGlobal
